
Microsoft Visual Studio Solution File, Format Version 12.00
# Visual Studio Version 16
VisualStudioVersion = 16.0.32228.343
MinimumVisualStudioVersion = 10.0.40219.1
Project("{FAE04EC0-301F-11D3-BF4B-00C04F79EFBC}") = "P128AccessModifier", "P128AccessModifier.csproj", "{796516BF-EED7-4C90-9004-9D53516DF7CB}"
EndProject
Global
	GlobalSection(SolutionConfigurationPlatforms) = preSolution
		Debug|Any CPU = Debug|Any CPU
		Release|Any CPU = Release|Any CPU
	EndGlobalSection
	GlobalSection(ProjectConfigurationPlatforms) = postSolution
		{796516BF-EED7-4C90-9004-9D53516DF7CB}.Debug|Any CPU.ActiveCfg = Debug|Any CPU
		{796516BF-EED7-4C90-9004-9D53516DF7CB}.Debug|Any CPU.Build.0 = Debug|Any CPU
		{796516BF-EED7-4C90-9004-9D53516DF7CB}.Release|Any CPU.ActiveCfg = Release|Any CPU
		{796516BF-EED7-4C90-9004-9D53516DF7CB}.Release|Any CPU.Build.0 = Release|Any CPU
	EndGlobalSection
	GlobalSection(SolutionProperties) = preSolution
		HideSolutionNode = FALSE
	EndGlobalSection
	GlobalSection(ExtensibilityGlobals) = postSolution
		SolutionGuid = {EB7B4F85-B63F-4BE8-9AE5-09A4CBBED2E4}
	EndGlobalSection
EndGlobal
